
Microsoft Visual Studio Solution File, Format Version 12.00
Project("{FAE04EC0-301F-11D3-BF4B-00C04F79EFBC}") = "FireFit", "FireFit\FireFit.csproj", "{3AB3F9B2-0CC2-414F-992E-FA4EA4C80293}"
EndProject
Global
	GlobalSection(SolutionConfigurationPlatforms) = preSolution
		Debug|Any CPU = Debug|Any CPU
		Release|Any CPU = Release|Any CPU
	EndGlobalSection
	GlobalSection(ProjectConfigurationPlatforms) = postSolution
		{3AB3F9B2-0CC2-414F-992E-FA4EA4C80293}.Debug|Any CPU.ActiveCfg = Debug|Any CPU
		{3AB3F9B2-0CC2-414F-992E-FA4EA4C80293}.Debug|Any CPU.Build.0 = Debug|Any CPU
		{3AB3F9B2-0CC2-414F-992E-FA4EA4C80293}.Release|Any CPU.ActiveCfg = Release|Any CPU
		{3AB3F9B2-0CC2-414F-992E-FA4EA4C80293}.Release|Any CPU.Build.0 = Release|Any CPU
	EndGlobalSection
EndGlobal
